// !$*UTF8*$!
{
	archiveVersion = 1;
	classes = {
	};
	objectVersion = 50;
	objects = {

/* Begin PBXBuildFile section */
		DD124C63244F9F0E008A50EB /* SettingsView.swift in Sources */ = {isa = PBXBuildFile; fileRef = DD124C62244F9F0E008A50EB /* SettingsView.swift */; };
		DD124C6524504189008A50EB /* UserInfoHolder.swift in Sources */ = {isa = PBXBuildFile; fileRef = DD124C6424504189008A50EB /* UserInfoHolder.swift */; };
		DD124C6724506B55008A50EB /* FoodCartHolder.swift in Sources */ = {isa = PBXBuildFile; fileRef = DD124C6624506B55008A50EB /* FoodCartHolder.swift */; };
		DD124C6C24532ED2008A50EB /* Colors.xcassets in Resources */ = {isa = PBXBuildFile; fileRef = DD124C6B24532ED2008A50EB /* Colors.xcassets */; };
		DD124C6E24533189008A50EB /* Colors+Extension.swift in Sources */ = {isa = PBXBuildFile; fileRef = DD124C6D24533189008A50EB /* Colors+Extension.swift */; };
		DD124C70245370FF008A50EB /* Bag.swift in Sources */ = {isa = PBXBuildFile; fileRef = DD124C6F245370FF008A50EB /* Bag.swift */; };
		DD124D6724564E77008A50EB /* OrderRow.swift in Sources */ = {isa = PBXBuildFile; fileRef = DD124D6624564E77008A50EB /* OrderRow.swift */; };
		DD124D6924565452008A50EB /* UserInfoRow.swift in Sources */ = {isa = PBXBuildFile; fileRef = DD124D6824565452008A50EB /* UserInfoRow.swift */; };
		DD89EA032447905800E9F9D8 /* OrderView.swift in Sources */ = {isa = PBXBuildFile; fileRef = DD89EA022447905800E9F9D8 /* OrderView.swift */; };
		DD89EA052447973D00E9F9D8 /* DetailsView.swift in Sources */ = {isa = PBXBuildFile; fileRef = DD89EA042447973D00E9F9D8 /* DetailsView.swift */; };
		DD89EA0724483FC100E9F9D8 /* TextInCircleView.swift in Sources */ = {isa = PBXBuildFile; fileRef = DD89EA0624483FC100E9F9D8 /* TextInCircleView.swift */; };
		DD8D4AC22445403F00726D90 /* AppDelegate.swift in Sources */ = {isa = PBXBuildFile; fileRef = DD8D4AC12445403F00726D90 /* AppDelegate.swift */; };
		DD8D4AC42445403F00726D90 /* SceneDelegate.swift in Sources */ = {isa = PBXBuildFile; fileRef = DD8D4AC32445403F00726D90 /* SceneDelegate.swift */; };
		DD8D4AC62445403F00726D90 /* ContentView.swift in Sources */ = {isa = PBXBuildFile; fileRef = DD8D4AC52445403F00726D90 /* ContentView.swift */; };
		DD8D4AC82445404000726D90 /* Assets.xcassets in Resources */ = {isa = PBXBuildFile; fileRef = DD8D4AC72445404000726D90 /* Assets.xcassets */; };
		DD8D4ACB2445404000726D90 /* Preview Assets.xcassets in Resources */ = {isa = PBXBuildFile; fileRef = DD8D4ACA2445404000726D90 /* Preview Assets.xcassets */; };
		DD8D4ACE2445404000726D90 /* LaunchScreen.storyboard in Resources */ = {isa = PBXBuildFile; fileRef = DD8D4ACC2445404000726D90 /* LaunchScreen.storyboard */; };
		DD8D4ADC244639AE00726D90 /* FoodItem.swift in Sources */ = {isa = PBXBuildFile; fileRef = DD8D4ADB244639AE00726D90 /* FoodItem.swift */; };
		DD8D4ADE2446501300726D90 /* FoodItemListView.swift in Sources */ = {isa = PBXBuildFile; fileRef = DD8D4ADD2446501300726D90 /* FoodItemListView.swift */; };
		DD8D4AE0244653B100726D90 /* FoodItemRowView.swift in Sources */ = {isa = PBXBuildFile; fileRef = DD8D4ADF244653B100726D90 /* FoodItemRowView.swift */; };
/* End PBXBuildFile section */

/* Begin PBXFileReference section */
		DD124C62244F9F0E008A50EB /* SettingsView.swift */ = {isa = PBXFileReference; lastKnownFileType = sourcecode.swift; path = SettingsView.swift; sourceTree = "<group>"; };
		DD124C6424504189008A50EB /* UserInfoHolder.swift */ = {isa = PBXFileReference; lastKnownFileType = sourcecode.swift; path = UserInfoHolder.swift; sourceTree = "<group>"; };
		DD124C6624506B55008A50EB /* FoodCartHolder.swift */ = {isa = PBXFileReference; lastKnownFileType = sourcecode.swift; path = FoodCartHolder.swift; sourceTree = "<group>"; };
		DD124C6B24532ED2008A50EB /* Colors.xcassets */ = {isa = PBXFileReference; lastKnownFileType = folder.assetcatalog; path = Colors.xcassets; sourceTree = "<group>"; };
		DD124C6D24533189008A50EB /* Colors+Extension.swift */ = {isa = PBXFileReference; lastKnownFileType = sourcecode.swift; path = "Colors+Extension.swift"; sourceTree = "<group>"; };
		DD124C6F245370FF008A50EB /* Bag.swift */ = {isa = PBXFileReference; lastKnownFileType = sourcecode.swift; path = Bag.swift; sourceTree = "<group>"; };
		DD124D6624564E77008A50EB /* OrderRow.swift */ = {isa = PBXFileReference; lastKnownFileType = sourcecode.swift; path = OrderRow.swift; sourceTree = "<group>"; };
		DD124D6824565452008A50EB /* UserInfoRow.swift */ = {isa = PBXFileReference; lastKnownFileType = sourcecode.swift; path = UserInfoRow.swift; sourceTree = "<group>"; };
		DD89EA022447905800E9F9D8 /* OrderView.swift */ = {isa = PBXFileReference; lastKnownFileType = sourcecode.swift; path = OrderView.swift; sourceTree = "<group>"; };
		DD89EA042447973D00E9F9D8 /* DetailsView.swift */ = {isa = PBXFileReference; lastKnownFileType = sourcecode.swift; path = DetailsView.swift; sourceTree = "<group>"; };
		DD89EA0624483FC100E9F9D8 /* TextInCircleView.swift */ = {isa = PBXFileReference; lastKnownFileType = sourcecode.swift; path = TextInCircleView.swift; sourceTree = "<group>"; };
		DD8D4ABE2445403F00726D90 /* BonAppetit.app */ = {isa = PBXFileReference; explicitFileType = wrapper.application; includeInIndex = 0; path = BonAppetit.app; sourceTree = BUILT_PRODUCTS_DIR; };
		DD8D4AC12445403F00726D90 /* AppDelegate.swift */ = {isa = PBXFileReference; lastKnownFileType = sourcecode.swift; path = AppDelegate.swift; sourceTree = "<group>"; };
		DD8D4AC32445403F00726D90 /* SceneDelegate.swift */ = {isa = PBXFileReference; lastKnownFileType = sourcecode.swift; path = SceneDelegate.swift; sourceTree = "<group>"; };
		DD8D4AC52445403F00726D90 /* ContentView.swift */ = {isa = PBXFileReference; lastKnownFileType = sourcecode.swift; path = ContentView.swift; sourceTree = "<group>"; };
		DD8D4AC72445404000726D90 /* Assets.xcassets */ = {isa = PBXFileReference; lastKnownFileType = folder.assetcatalog; path = Assets.xcassets; sourceTree = "<group>"; };
		DD8D4ACA2445404000726D90 /* Preview Assets.xcassets */ = {isa = PBXFileReference; lastKnownFileType = folder.assetcatalog; path = "Preview Assets.xcassets"; sourceTree = "<group>"; };
		DD8D4ACD2445404000726D90 /* Base */ = {isa = PBXFileReference; lastKnownFileType = file.storyboard; name = Base; path = Base.lproj/LaunchScreen.storyboard; sourceTree = "<group>"; };
		DD8D4ACF2445404000726D90 /* Info.plist */ = {isa = PBXFileReference; lastKnownFileType = text.plist.xml; path = Info.plist; sourceTree = "<group>"; };
		DD8D4ADB244639AE00726D90 /* FoodItem.swift */ = {isa = PBXFileReference; lastKnownFileType = sourcecode.swift; path = FoodItem.swift; sourceTree = "<group>"; };
		DD8D4ADD2446501300726D90 /* FoodItemListView.swift */ = {isa = PBXFileReference; lastKnownFileType = sourcecode.swift; path = FoodItemListView.swift; sourceTree = "<group>"; };
		DD8D4ADF244653B100726D90 /* FoodItemRowView.swift */ = {isa = PBXFileReference; lastKnownFileType = sourcecode.swift; path = FoodItemRowView.swift; sourceTree = "<group>"; };
/* End PBXFileReference section */

/* Begin PBXFrameworksBuildPhase section */
		DD8D4ABB2445403F00726D90 /* Frameworks */ = {
			isa = PBXFrameworksBuildPhase;
			buildActionMask = 2147483647;
			files = (
			);
			runOnlyForDeploymentPostprocessing = 0;
		};
/* End PBXFrameworksBuildPhase section */

/* Begin PBXGroup section */
		DD124C61244F9EDA008A50EB /* Settings */ = {
			isa = PBXGroup;
			children = (
				DD124C62244F9F0E008A50EB /* SettingsView.swift */,
			);
			path = Settings;
			sourceTree = "<group>";
		};
		DD124C712453B5FF008A50EB /* Utilities */ = {
			isa = PBXGroup;
			children = (
				DD124C6D24533189008A50EB /* Colors+Extension.swift */,
				DD124C6F245370FF008A50EB /* Bag.swift */,
			);
			path = Utilities;
			sourceTree = "<group>";
		};
		DD8D4AB52445403F00726D90 = {
			isa = PBXGroup;
			children = (
				DD8D4AC02445403F00726D90 /* BonAppetit */,
				DD8D4ABF2445403F00726D90 /* Products */,
			);
			sourceTree = "<group>";
		};
		DD8D4ABF2445403F00726D90 /* Products */ = {
			isa = PBXGroup;
			children = (
				DD8D4ABE2445403F00726D90 /* BonAppetit.app */,
			);
			name = Products;
			sourceTree = "<group>";
		};
		DD8D4AC02445403F00726D90 /* BonAppetit */ = {
			isa = PBXGroup;
			children = (
				DD8D4ACF2445404000726D90 /* Info.plist */,
				DD8D4AC12445403F00726D90 /* AppDelegate.swift */,
				DD8D4AC52445403F00726D90 /* ContentView.swift */,
				DD8D4AC32445403F00726D90 /* SceneDelegate.swift */,
				DD8D4AC72445404000726D90 /* Assets.xcassets */,
				DD124C6B24532ED2008A50EB /* Colors.xcassets */,
				DD8D4ACC2445404000726D90 /* LaunchScreen.storyboard */,
				DD8D4AD5244544B400726D90 /* Models */,
				DD8D4AC92445404000726D90 /* Preview Content */,
				DD8D4AD6244545BB00726D90 /* Scenes */,
				DD124C712453B5FF008A50EB /* Utilities */,
			);
			path = BonAppetit;
			sourceTree = "<group>";
		};
		DD8D4AC92445404000726D90 /* Preview Content */ = {
			isa = PBXGroup;
			children = (
				DD8D4ACA2445404000726D90 /* Preview Assets.xcassets */,
			);
			path = "Preview Content";
			sourceTree = "<group>";
		};
		DD8D4AD5244544B400726D90 /* Models */ = {
			isa = PBXGroup;
			children = (
				DD8D4ADB244639AE00726D90 /* FoodItem.swift */,
				DD124C6424504189008A50EB /* UserInfoHolder.swift */,
				DD124C6624506B55008A50EB /* FoodCartHolder.swift */,
			);
			path = Models;
			sourceTree = "<group>";
		};
		DD8D4AD6244545BB00726D90 /* Scenes */ = {
			isa = PBXGroup;
			children = (
				DD124C61244F9EDA008A50EB /* Settings */,
				DD8D4AD9244545EC00726D90 /* Order */,
				DD8D4AD8244545E200726D90 /* Details */,
				DD8D4AD7244545CB00726D90 /* List */,
			);
			path = Scenes;
			sourceTree = "<group>";
		};
		DD8D4AD7244545CB00726D90 /* List */ = {
			isa = PBXGroup;
			children = (
				DD8D4ADD2446501300726D90 /* FoodItemListView.swift */,
				DD8D4ADF244653B100726D90 /* FoodItemRowView.swift */,
			);
			path = List;
			sourceTree = "<group>";
		};
		DD8D4AD8244545E200726D90 /* Details */ = {
			isa = PBXGroup;
			children = (
				DD89EA042447973D00E9F9D8 /* DetailsView.swift */,
				DD89EA0624483FC100E9F9D8 /* TextInCircleView.swift */,
			);
			path = Details;
			sourceTree = "<group>";
		};
		DD8D4AD9244545EC00726D90 /* Order */ = {
			isa = PBXGroup;
			children = (
				DD89EA022447905800E9F9D8 /* OrderView.swift */,
				DD124D6624564E77008A50EB /* OrderRow.swift */,
				DD124D6824565452008A50EB /* UserInfoRow.swift */,
			);
			path = Order;
			sourceTree = "<group>";
		};
/* End PBXGroup section */

/* Begin PBXNativeTarget section */
		DD8D4ABD2445403F00726D90 /* BonAppetit */ = {
			isa = PBXNativeTarget;
			buildConfigurationList = DD8D4AD22445404000726D90 /* Build configuration list for PBXNativeTarget "BonAppetit" */;
			buildPhases = (
				DD8D4ABA2445403F00726D90 /* Sources */,
				DD8D4ABB2445403F00726D90 /* Frameworks */,
				DD8D4ABC2445403F00726D90 /* Resources */,
			);
			buildRules = (
			);
			dependencies = (
			);
			name = BonAppetit;
			productName = BonAppetit;
			productReference = DD8D4ABE2445403F00726D90 /* BonAppetit.app */;
			productType = "com.apple.product-type.application";
		};
/* End PBXNativeTarget section */

/* Begin PBXProject section */
		DD8D4AB62445403F00726D90 /* Project object */ = {
			isa = PBXProject;
			attributes = {
				LastSwiftUpdateCheck = 1140;
				LastUpgradeCheck = 1140;
				ORGANIZATIONNAME = ia;
				TargetAttributes = {
					DD8D4ABD2445403F00726D90 = {
						CreatedOnToolsVersion = 11.4;
					};
				};
			};
			buildConfigurationList = DD8D4AB92445403F00726D90 /* Build configuration list for PBXProject "BonAppetit" */;
			compatibilityVersion = "Xcode 9.3";
			developmentRegion = en;
			hasScannedForEncodings = 0;
			knownRegions = (
				en,
				Base,
			);
			mainGroup = DD8D4AB52445403F00726D90;
			productRefGroup = DD8D4ABF2445403F00726D90 /* Products */;
			projectDirPath = "";
			projectRoot = "";
			targets = (
				DD8D4ABD2445403F00726D90 /* BonAppetit */,
			);
		};
/* End PBXProject section */

/* Begin PBXResourcesBuildPhase section */
		DD8D4ABC2445403F00726D90 /* Resources */ = {
			isa = PBXResourcesBuildPhase;
			buildActionMask = 2147483647;
			files = (
				DD8D4ACE2445404000726D90 /* LaunchScreen.storyboard in Resources */,
				DD124C6C24532ED2008A50EB /* Colors.xcassets in Resources */,
				DD8D4ACB2445404000726D90 /* Preview Assets.xcassets in Resources */,
				DD8D4AC82445404000726D90 /* Assets.xcassets in Resources */,
			);
			runOnlyForDeploymentPostprocessing = 0;
		};
/* End PBXResourcesBuildPhase section */

/* Begin PBXSourcesBuildPhase section */
		DD8D4ABA2445403F00726D90 /* Sources */ = {
			isa = PBXSourcesBuildPhase;
			buildActionMask = 2147483647;
			files = (
				DD124C6E24533189008A50EB /* Colors+Extension.swift in Sources */,
				DD8D4AE0244653B100726D90 /* FoodItemRowView.swift in Sources */,
				DD124C70245370FF008A50EB /* Bag.swift in Sources */,
				DD8D4ADC244639AE00726D90 /* FoodItem.swift in Sources */,
				DD8D4AC22445403F00726D90 /* AppDelegate.swift in Sources */,
				DD124C6724506B55008A50EB /* FoodCartHolder.swift in Sources */,
				DD8D4AC42445403F00726D90 /* SceneDelegate.swift in Sources */,
				DD89EA032447905800E9F9D8 /* OrderView.swift in Sources */,
				DD124C63244F9F0E008A50EB /* SettingsView.swift in Sources */,
				DD89EA052447973D00E9F9D8 /* DetailsView.swift in Sources */,
				DD8D4AC62445403F00726D90 /* ContentView.swift in Sources */,
				DD89EA0724483FC100E9F9D8 /* TextInCircleView.swift in Sources */,
				DD124D6724564E77008A50EB /* OrderRow.swift in Sources */,
				DD8D4ADE2446501300726D90 /* FoodItemListView.swift in Sources */,
				DD124C6524504189008A50EB /* UserInfoHolder.swift in Sources */,
				DD124D6924565452008A50EB /* UserInfoRow.swift in Sources */,
			);
			runOnlyForDeploymentPostprocessing = 0;
		};
/* End PBXSourcesBuildPhase section */

/* Begin PBXVariantGroup section */
		DD8D4ACC2445404000726D90 /* LaunchScreen.storyboard */ = {
			isa = PBXVariantGroup;
			children = (
				DD8D4ACD2445404000726D90 /* Base */,
			);
			name = LaunchScreen.storyboard;
			sourceTree = "<group>";
		};
/* End PBXVariantGroup section */

/* Begin XCBuildConfiguration section */
		DD8D4AD02445404000726D90 /* Debug */ = {
			isa = XCBuildConfiguration;
			buildSettings = {
				ALWAYS_SEARCH_USER_PATHS = NO;
				CLANG_ANALYZER_NONNULL = YES;
				CLANG_ANALYZER_NUMBER_OBJECT_CONVERSION = YES_AGGRESSIVE;
				CLANG_CXX_LANGUAGE_STANDARD = "gnu++14";
				CLANG_CXX_LIBRARY = "libc++";
				CLANG_ENABLE_MODULES = YES;
				CLANG_ENABLE_OBJC_ARC = YES;
				CLANG_ENABLE_OBJC_WEAK = YES;
				CLANG_WARN_BLOCK_CAPTURE_AUTORELEASING = YES;
				CLANG_WARN_BOOL_CONVERSION = YES;
				CLANG_WARN_COMMA = YES;
				CLANG_WARN_CONSTANT_CONVERSION = YES;
				CLANG_WARN_DEPRECATED_OBJC_IMPLEMENTATIONS = YES;
				CLANG_WARN_DIRECT_OBJC_ISA_USAGE = YES_ERROR;
				CLANG_WARN_DOCUMENTATION_COMMENTS = YES;
				CLANG_WARN_EMPTY_BODY = YES;
				CLANG_WARN_ENUM_CONVERSION = YES;
				CLANG_WARN_INFINITE_RECURSION = YES;
				CLANG_WARN_INT_CONVERSION = YES;
				CLANG_WARN_NON_LITERAL_NULL_CONVERSION = YES;
				CLANG_WARN_OBJC_IMPLICIT_RETAIN_SELF = YES;
				CLANG_WARN_OBJC_LITERAL_CONVERSION = YES;
				CLANG_WARN_OBJC_ROOT_CLASS = YES_ERROR;
				CLANG_WARN_RANGE_LOOP_ANALYSIS = YES;
				CLANG_WARN_STRICT_PROTOTYPES = YES;
				CLANG_WARN_SUSPICIOUS_MOVE = YES;
				CLANG_WARN_UNGUARDED_AVAILABILITY = YES_AGGRESSIVE;
				CLANG_WARN_UNREACHABLE_CODE = YES;
				CLANG_WARN__DUPLICATE_METHOD_MATCH = YES;
				COPY_PHASE_STRIP = NO;
				DEBUG_INFORMATION_FORMAT = dwarf;
				ENABLE_STRICT_OBJC_MSGSEND = YES;
				ENABLE_TESTABILITY = YES;
				GCC_C_LANGUAGE_STANDARD = gnu11;
				GCC_DYNAMIC_NO_PIC = NO;
				GCC_NO_COMMON_BLOCKS = YES;
				GCC_OPTIMIZATION_LEVEL = 0;
				GCC_PREPROCESSOR_DEFINITIONS = (
					"DEBUG=1",
					"$(inherited)",
				);
				GCC_WARN_64_TO_32_BIT_CONVERSION = YES;
				GCC_WARN_ABOUT_RETURN_TYPE = YES_ERROR;
				GCC_WARN_UNDECLARED_SELECTOR = YES;
				GCC_WARN_UNINITIALIZED_AUTOS = YES_AGGRESSIVE;
				GCC_WARN_UNUSED_FUNCTION = YES;
				GCC_WARN_UNUSED_VARIABLE = YES;
				IPHONEOS_DEPLOYMENT_TARGET = 13.4;
				MTL_ENABLE_DEBUG_INFO = INCLUDE_SOURCE;
				MTL_FAST_MATH = YES;
				ONLY_ACTIVE_ARCH = YES;
				SDKROOT = iphoneos;
				SWIFT_ACTIVE_COMPILATION_CONDITIONS = DEBUG;
				SWIFT_OPTIMIZATION_LEVEL = "-Onone";
			};
			name = Debug;
		};
		DD8D4AD12445404000726D90 /* Release */ = {
			isa = XCBuildConfiguration;
			buildSettings = {
				ALWAYS_SEARCH_USER_PATHS = NO;
				CLANG_ANALYZER_NONNULL = YES;
				CLANG_ANALYZER_NUMBER_OBJECT_CONVERSION = YES_AGGRESSIVE;
				CLANG_CXX_LANGUAGE_STANDARD = "gnu++14";
				CLANG_CXX_LIBRARY = "libc++";
				CLANG_ENABLE_MODULES = YES;
				CLANG_ENABLE_OBJC_ARC = YES;
				CLANG_ENABLE_OBJC_WEAK = YES;
				CLANG_WARN_BLOCK_CAPTURE_AUTORELEASING = YES;
				CLANG_WARN_BOOL_CONVERSION = YES;
				CLANG_WARN_COMMA = YES;
				CLANG_WARN_CONSTANT_CONVERSION = YES;
				CLANG_WARN_DEPRECATED_OBJC_IMPLEMENTATIONS = YES;
				CLANG_WARN_DIRECT_OBJC_ISA_USAGE = YES_ERROR;
				CLANG_WARN_DOCUMENTATION_COMMENTS = YES;
				CLANG_WARN_EMPTY_BODY = YES;
				CLANG_WARN_ENUM_CONVERSION = YES;
				CLANG_WARN_INFINITE_RECURSION = YES;
				CLANG_WARN_INT_CONVERSION = YES;
				CLANG_WARN_NON_LITERAL_NULL_CONVERSION = YES;
				CLANG_WARN_OBJC_IMPLICIT_RETAIN_SELF = YES;
				CLANG_WARN_OBJC_LITERAL_CONVERSION = YES;
				CLANG_WARN_OBJC_ROOT_CLASS = YES_ERROR;
				CLANG_WARN_RANGE_LOOP_ANALYSIS = YES;
				CLANG_WARN_STRICT_PROTOTYPES = YES;
				CLANG_WARN_SUSPICIOUS_MOVE = YES;
				CLANG_WARN_UNGUARDED_AVAILABILITY = YES_AGGRESSIVE;
				CLANG_WARN_UNREACHABLE_CODE = YES;
				CLANG_WARN__DUPLICATE_METHOD_MATCH = YES;
				COPY_PHASE_STRIP = NO;
				DEBUG_INFORMATION_FORMAT = "dwarf-with-dsym";
				ENABLE_NS_ASSERTIONS = NO;
				ENABLE_STRICT_OBJC_MSGSEND = YES;
				GCC_C_LANGUAGE_STANDARD = gnu11;
				GCC_NO_COMMON_BLOCKS = YES;
				GCC_WARN_64_TO_32_BIT_CONVERSION = YES;
				GCC_WARN_ABOUT_RETURN_TYPE = YES_ERROR;
				GCC_WARN_UNDECLARED_SELECTOR = YES;
				GCC_WARN_UNINITIALIZED_AUTOS = YES_AGGRESSIVE;
				GCC_WARN_UNUSED_FUNCTION = YES;
				GCC_WARN_UNUSED_VARIABLE = YES;
				IPHONEOS_DEPLOYMENT_TARGET = 13.4;
				MTL_ENABLE_DEBUG_INFO = NO;
				MTL_FAST_MATH = YES;
				SDKROOT = iphoneos;
				SWIFT_COMPILATION_MODE = wholemodule;
				SWIFT_OPTIMIZATION_LEVEL = "-O";
				VALIDATE_PRODUCT = YES;
			};
			name = Release;
		};
		DD8D4AD32445404000726D90 /* Debug */ = {
			isa = XCBuildConfiguration;
			buildSettings = {
				ASSETCATALOG_COMPILER_APPICON_NAME = AppIcon;
				CODE_SIGN_STYLE = Automatic;
				DEVELOPMENT_ASSET_PATHS = "\"BonAppetit/Preview Content\"";
				ENABLE_PREVIEWS = YES;
				INFOPLIST_FILE = BonAppetit/Info.plist;
				LD_RUNPATH_SEARCH_PATHS = (
					"$(inherited)",
					"@executable_path/Frameworks",
				);
				PRODUCT_BUNDLE_IDENTIFIER = com.ia.BonAppetit;
				PRODUCT_NAME = "$(TARGET_NAME)";
				SWIFT_VERSION = 5.0;
				TARGETED_DEVICE_FAMILY = "1,2";
			};
			name = Debug;
		};
		DD8D4AD42445404000726D90 /* Release */ = {
			isa = XCBuildConfiguration;
			buildSettings = {
				ASSETCATALOG_COMPILER_APPICON_NAME = AppIcon;
				CODE_SIGN_STYLE = Automatic;
				DEVELOPMENT_ASSET_PATHS = "\"BonAppetit/Preview Content\"";
				ENABLE_PREVIEWS = YES;
				INFOPLIST_FILE = BonAppetit/Info.plist;
				LD_RUNPATH_SEARCH_PATHS = (
					"$(inherited)",
					"@executable_path/Frameworks",
				);
				PRODUCT_BUNDLE_IDENTIFIER = com.ia.BonAppetit;
				PRODUCT_NAME = "$(TARGET_NAME)";
				SWIFT_VERSION = 5.0;
				TARGETED_DEVICE_FAMILY = "1,2";
			};
			name = Release;
		};
/* End XCBuildConfiguration section */

/* Begin XCConfigurationList section */
		DD8D4AB92445403F00726D90 /* Build configuration list for PBXProject "BonAppetit" */ = {
			isa = XCConfigurationList;
			buildConfigurations = (
				DD8D4AD02445404000726D90 /* Debug */,
				DD8D4AD12445404000726D90 /* Release */,
			);
			defaultConfigurationIsVisible = 0;
			defaultConfigurationName = Release;
		};
		DD8D4AD22445404000726D90 /* Build configuration list for PBXNativeTarget "BonAppetit" */ = {
			isa = XCConfigurationList;
			buildConfigurations = (
				DD8D4AD32445404000726D90 /* Debug */,
				DD8D4AD42445404000726D90 /* Release */,
			);
			defaultConfigurationIsVisible = 0;
			defaultConfigurationName = Release;
		};
/* End XCConfigurationList section */
	};
	rootObject = DD8D4AB62445403F00726D90 /* Project object */;
}
